
Microsoft Visual Studio Solution File, Format Version 12.00
# Visual Studio Version 17
VisualStudioVersion = 17.4.33213.308
MinimumVisualStudioVersion = 10.0.40219.1
Project("{FAE04EC0-301F-11D3-BF4B-00C04F79EFBC}") = "Metodos tipo Void", "Metodos tipo Void\Metodos tipo Void.csproj", "{077AD669-6C49-4105-AC45-62CE59ED30A0}"
EndProject
Global
	GlobalSection(SolutionConfigurationPlatforms) = preSolution
		Debug|Any CPU = Debug|Any CPU
		Release|Any CPU = Release|Any CPU
	EndGlobalSection
	GlobalSection(ProjectConfigurationPlatforms) = postSolution
		{077AD669-6C49-4105-AC45-62CE59ED30A0}.Debug|Any CPU.ActiveCfg = Debug|Any CPU
		{077AD669-6C49-4105-AC45-62CE59ED30A0}.Debug|Any CPU.Build.0 = Debug|Any CPU
		{077AD669-6C49-4105-AC45-62CE59ED30A0}.Release|Any CPU.ActiveCfg = Release|Any CPU
		{077AD669-6C49-4105-AC45-62CE59ED30A0}.Release|Any CPU.Build.0 = Release|Any CPU
	EndGlobalSection
	GlobalSection(SolutionProperties) = preSolution
		HideSolutionNode = FALSE
	EndGlobalSection
	GlobalSection(ExtensibilityGlobals) = postSolution
		SolutionGuid = {114D0FBA-73F0-4CBB-85D3-869A4015B6CE}
	EndGlobalSection
EndGlobal
